
Microsoft Visual Studio Solution File, Format Version 12.00
# Visual Studio 15
VisualStudioVersion = 15.0.26730.12
MinimumVisualStudioVersion = 10.0.40219.1
Project("{8BC9CEB8-8B4A-11D0-8D11-00A0C91BC942}") = "Objects_prac", "Objects_prac\Objects_prac.vcxproj", "{487ECE0C-1BBF-4C86-9C32-3FAE5420C28E}"
EndProject
Global
	GlobalSection(SolutionConfigurationPlatforms) = preSolution
		Debug|x64 = Debug|x64
		Debug|x86 = Debug|x86
		Release|x64 = Release|x64
		Release|x86 = Release|x86
	EndGlobalSection
	GlobalSection(ProjectConfigurationPlatforms) = postSolution
		{487ECE0C-1BBF-4C86-9C32-3FAE5420C28E}.Debug|x64.ActiveCfg = Debug|x64
		{487ECE0C-1BBF-4C86-9C32-3FAE5420C28E}.Debug|x64.Build.0 = Debug|x64
		{487ECE0C-1BBF-4C86-9C32-3FAE5420C28E}.Debug|x86.ActiveCfg = Debug|Win32
		{487ECE0C-1BBF-4C86-9C32-3FAE5420C28E}.Debug|x86.Build.0 = Debug|Win32
		{487ECE0C-1BBF-4C86-9C32-3FAE5420C28E}.Release|x64.ActiveCfg = Release|x64
		{487ECE0C-1BBF-4C86-9C32-3FAE5420C28E}.Release|x64.Build.0 = Release|x64
		{487ECE0C-1BBF-4C86-9C32-3FAE5420C28E}.Release|x86.ActiveCfg = Release|Win32
		{487ECE0C-1BBF-4C86-9C32-3FAE5420C28E}.Release|x86.Build.0 = Release|Win32
	EndGlobalSection
	GlobalSection(SolutionProperties) = preSolution
		HideSolutionNode = FALSE
	EndGlobalSection
	GlobalSection(ExtensibilityGlobals) = postSolution
		SolutionGuid = {B75E9AF8-DED6-47E8-8BE9-E64620A6A1D8}
	EndGlobalSection
EndGlobal
